lockfileVersion: '9.0'

settings:
  autoInstallPeers: true
  excludeLinksFromLockfile: false

importers:

  .:
    dependencies:
      hono:
        specifier: ^4.8.2
        version: 4.8.2

packages:

  hono@4.8.2:
    resolution: {integrity: sha512-hM+1RIn9PK1I6SiTNS6/y7O1mvg88awYLFEuEtoiMtRyT3SD2iu9pSFgbBXT3b1Ua4IwzvSTLvwO0SEhDxCi4w==}
    engines: {node: '>=16.9.0'}

snapshots:

  hono@4.8.2: {}
