lockfileVersion: '9.0'

settings:
  autoInstallPeers: true
  excludeLinksFromLockfile: false

importers:

  .:
    dependencies:
      hono:
        specifier: ^4.8.4
        version: 4.8.4

packages:

  hono@4.8.4:
    resolution: {integrity: sha512-KOIBp1+iUs0HrKztM4EHiB2UtzZDTBihDtOF5K6+WaJjCPeaW4Q92R8j63jOhvJI5+tZSMuKD9REVEXXY9illg==}
    engines: {node: '>=16.9.0'}

snapshots:

  hono@4.8.4: {}
